{
    "_readme": [
        "This file locks the dependencies of your project to a known state",
        "Read more about it at https://getcomposer.org/doc/01-basic-usage.md#installing-dependencies",
        "This file is @generated automatically"
    ],
    "content-hash": "fb3890bf6143d4ac783d7490ffc53a43",
    "packages": [
        {
            "name": "zi/zquery",
            "version": "dev-main",
            "source": {
                "type": "git",
                "url": "https://github.com/CollinsFabian/ZQuery.git",
                "reference": "5c7ff97b478e88b04294985abb238fea059564cf"
            },
            "dist": {
                "type": "zip",
                "url": "https://api.github.com/repos/CollinsFabian/ZQuery/zipball/5c7ff97b478e88b04294985abb238fea059564cf",
                "reference": "5c7ff97b478e88b04294985abb238fea059564cf",
                "shasum": ""
            },
            "require": {
                "php": "^8.2"
            },
            "default-branch": true,
            "type": "library",
            "autoload": {
                "psr-4": {
                    "ZQuery\\": "src/"
                }
            },
            "notification-url": "https://packagist.org/downloads/",
            "license": [
                "proprietary"
            ],
            "authors": [
                {
                    "name": "CollinsFabian",
                    "email": "alphaalive22@gmail.com"
                }
            ],
            "description": "ZQuery is a lightweight PHP database query builder and ORM",
            "support": {
                "issues": "https://github.com/CollinsFabian/ZQuery/issues",
                "source": "https://github.com/CollinsFabian/ZQuery/tree/main"
            },
            "time": "2026-03-30T00:36:30+00:00"
        }
    ],
    "packages-dev": [],
    "aliases": [],
    "minimum-stability": "stable",
    "stability-flags": {
        "zi/zquery": 20
    },
    "prefer-stable": false,
    "prefer-lowest": false,
    "platform": {
        "php": "^7.4 || ^8.0",
        "ext-pdo": "*",
        "ext-mbstring": "*"
    },
    "platform-dev": {},
    "plugin-api-version": "2.9.0"
}
